
Microsoft Visual Studio Solution File, Format Version 12.00
# Visual Studio Version 17
VisualStudioVersion = 17.2.32516.85
MinimumVisualStudioVersion = 10.0.40219.1
Project("{8BC9CEB8-8B4A-11D0-8D11-00A0C91BC942}") = "Calculation of salary", "Calculation of salary.vcxproj", "{6D751BD7-7264-41BF-95CB-89E9A6B55E00}"
EndProject
Global
	GlobalSection(SolutionConfigurationPlatforms) = preSolution
		Debug|x64 = Debug|x64
		Debug|x86 = Debug|x86
		Release|x64 = Release|x64
		Release|x86 = Release|x86
	EndGlobalSection
	GlobalSection(ProjectConfigurationPlatforms) = postSolution
		{6D751BD7-7264-41BF-95CB-89E9A6B55E00}.Debug|x64.ActiveCfg = Debug|x64
		{6D751BD7-7264-41BF-95CB-89E9A6B55E00}.Debug|x64.Build.0 = Debug|x64
		{6D751BD7-7264-41BF-95CB-89E9A6B55E00}.Debug|x86.ActiveCfg = Debug|Win32
		{6D751BD7-7264-41BF-95CB-89E9A6B55E00}.Debug|x86.Build.0 = Debug|Win32
		{6D751BD7-7264-41BF-95CB-89E9A6B55E00}.Release|x64.ActiveCfg = Release|x64
		{6D751BD7-7264-41BF-95CB-89E9A6B55E00}.Release|x64.Build.0 = Release|x64
		{6D751BD7-7264-41BF-95CB-89E9A6B55E00}.Release|x86.ActiveCfg = Release|Win32
		{6D751BD7-7264-41BF-95CB-89E9A6B55E00}.Release|x86.Build.0 = Release|Win32
	EndGlobalSection
	GlobalSection(SolutionProperties) = preSolution
		HideSolutionNode = FALSE
	EndGlobalSection
	GlobalSection(ExtensibilityGlobals) = postSolution
		SolutionGuid = {161A65F9-6931-4E38-86C8-836C1B95900E}
	EndGlobalSection
EndGlobal
